
Microsoft Visual Studio Solution File, Format Version 12.00
# Visual Studio Version 17
VisualStudioVersion = 17.3.32811.315
MinimumVisualStudioVersion = 10.0.40219.1
Project("{FAE04EC0-301F-11D3-BF4B-00C04F79EFBC}") = "Entity Framework", "Entity Framework\Entity Framework.csproj", "{3C594983-C15E-4058-A289-9AEF2A6E9E6B}"
EndProject
Global
	GlobalSection(SolutionConfigurationPlatforms) = preSolution
		Debug|Any CPU = Debug|Any CPU
		Release|Any CPU = Release|Any CPU
	EndGlobalSection
	GlobalSection(ProjectConfigurationPlatforms) = postSolution
		{3C594983-C15E-4058-A289-9AEF2A6E9E6B}.Debug|Any CPU.ActiveCfg = Debug|Any CPU
		{3C594983-C15E-4058-A289-9AEF2A6E9E6B}.Debug|Any CPU.Build.0 = Debug|Any CPU
		{3C594983-C15E-4058-A289-9AEF2A6E9E6B}.Release|Any CPU.ActiveCfg = Release|Any CPU
		{3C594983-C15E-4058-A289-9AEF2A6E9E6B}.Release|Any CPU.Build.0 = Release|Any CPU
	EndGlobalSection
	GlobalSection(SolutionProperties) = preSolution
		HideSolutionNode = FALSE
	EndGlobalSection
	GlobalSection(ExtensibilityGlobals) = postSolution
		SolutionGuid = {8F4D94C2-2452-41BF-90B1-4E74F15E3FCD}
	EndGlobalSection
EndGlobal
