
Microsoft Visual Studio Solution File, Format Version 12.00
# Visual Studio Version 17
VisualStudioVersion = 17.3.32811.315
MinimumVisualStudioVersion = 10.0.40219.1
Project("{9A19103F-16F7-4668-BE54-9A1E7A4F7556}") = "ShapeCalculator", "ShapeCalculator.csproj", "{1BCD6F66-1306-4C66-8C48-17D7CE6E7D2F}"
EndProject
Project("{9A19103F-16F7-4668-BE54-9A1E7A4F7556}") = "ShapeCalculatorUnitTest", "..\ShapeCalculatorUnitTest\ShapeCalculatorUnitTest.csproj", "{A0BFB58C-AB50-4C7D-903A-07A86161C17D}"
EndProject
Global
	GlobalSection(SolutionConfigurationPlatforms) = preSolution
		Debug|Any CPU = Debug|Any CPU
		Release|Any CPU = Release|Any CPU
	EndGlobalSection
	GlobalSection(ProjectConfigurationPlatforms) = postSolution
		{1BCD6F66-1306-4C66-8C48-17D7CE6E7D2F}.Debug|Any CPU.ActiveCfg = Debug|Any CPU
		{1BCD6F66-1306-4C66-8C48-17D7CE6E7D2F}.Debug|Any CPU.Build.0 = Debug|Any CPU
		{1BCD6F66-1306-4C66-8C48-17D7CE6E7D2F}.Release|Any CPU.ActiveCfg = Release|Any CPU
		{1BCD6F66-1306-4C66-8C48-17D7CE6E7D2F}.Release|Any CPU.Build.0 = Release|Any CPU
		{A0BFB58C-AB50-4C7D-903A-07A86161C17D}.Debug|Any CPU.ActiveCfg = Debug|Any CPU
		{A0BFB58C-AB50-4C7D-903A-07A86161C17D}.Debug|Any CPU.Build.0 = Debug|Any CPU
		{A0BFB58C-AB50-4C7D-903A-07A86161C17D}.Release|Any CPU.ActiveCfg = Release|Any CPU
		{A0BFB58C-AB50-4C7D-903A-07A86161C17D}.Release|Any CPU.Build.0 = Release|Any CPU
	EndGlobalSection
	GlobalSection(SolutionProperties) = preSolution
		HideSolutionNode = FALSE
	EndGlobalSection
	GlobalSection(ExtensibilityGlobals) = postSolution
		SolutionGuid = {E0CC478D-E78E-4A94-A432-CE0E7AAD451A}
	EndGlobalSection
EndGlobal
